
Microsoft Visual Studio Solution File, Format Version 12.00
# Visual Studio Version 17
VisualStudioVersion = 17.9.34616.47
MinimumVisualStudioVersion = 10.0.40219.1
Project("{FAE04EC0-301F-11D3-BF4B-00C04F79EFBC}") = "DespensaApi", "DespensaApi\DespensaApi.csproj", "{67BC1DE5-D04E-46E9-8810-EB942BC9DDD2}"
EndProject
Global
	GlobalSection(SolutionConfigurationPlatforms) = preSolution
		Debug|Any CPU = Debug|Any CPU
		Release|Any CPU = Release|Any CPU
	EndGlobalSection
	GlobalSection(ProjectConfigurationPlatforms) = postSolution
		{67BC1DE5-D04E-46E9-8810-EB942BC9DDD2}.Debug|Any CPU.ActiveCfg = Debug|Any CPU
		{67BC1DE5-D04E-46E9-8810-EB942BC9DDD2}.Debug|Any CPU.Build.0 = Debug|Any CPU
		{67BC1DE5-D04E-46E9-8810-EB942BC9DDD2}.Release|Any CPU.ActiveCfg = Release|Any CPU
		{67BC1DE5-D04E-46E9-8810-EB942BC9DDD2}.Release|Any CPU.Build.0 = Release|Any CPU
	EndGlobalSection
	GlobalSection(SolutionProperties) = preSolution
		HideSolutionNode = FALSE
	EndGlobalSection
	GlobalSection(ExtensibilityGlobals) = postSolution
		SolutionGuid = {0CE74E15-41C2-4E63-9878-DC3CA665B7F1}
	EndGlobalSection
EndGlobal
